github.com/aaronland/go-string v0.1.0 h1:HU6OHmEpN2m9b5SOIwU6HoOq87Fvemj/0g6DTp8yzpk=
github.com/aaronland/go-string v0.1.0/go.mod h1:2aMIWdTqk63jZsaLLy+p9dsB1MDRqx4sHYoLtkwyYUo=
github.com/akrylysov/algnhsa v0.0.0-20190319020909-05b3d192e9a7 h1:IAPakbB8XIYLWMATOpgH9Nbz7nsR2aRHHXoMHxduXSc=
github.com/akrylysov/algnhsa v0.0.0-20190319020909-05b3d192e9a7/go.mod h1:HhzjNA0EjUWcwHTUMwqrpeAdIF3gRmpH0HpWx1hYJSc=
github.com/arschles/assert v1.0.0 h1:NofQbRhtxcLgP+XoKunA7J6UMJNTqX7xR/19tej8UsA=
github.com/arschles/assert v1.0.0/go.mod h1:m/u69zW43x0h8dTHcv3JJZljINyEYgBuf5fYJP6WikI=
github.com/aws/aws-lambda-go v1.9.0/go.mod h1:zUsUQhAUjYzR8AuduJPCfhBuKWUaDbQiPOG+ouzmE1A=
github.com/aws/aws-lambda-go v1.10.0 h1:uafgdfYGQD0UeT7d2uKdyWW8j/ZYRifRPIdmeqLzLCk=
github.com/aws/aws-lambda-go v1.10.0/go.mod h1:zUsUQhAUjYzR8AuduJPCfhBuKWUaDbQiPOG+ouzmE1A=
github.com/aws/aws-sdk-go v1.19.31 h1:6N7YBci5Nfbedd9k9ZpQlJgAfzuYQqGPSrJ52+Aja1s=
github.com/aws/aws-sdk-go v1.19.31/go.mod h1:KmX6BPdI08NWTb3/sm4ZGu5ShLoqVDhKgpiN924inxo=
github.com/davecgh/go-spew v1.1.0 h1:ZDRjVQ15GmhC3fiQ8ni8+OwkZQO4DARzQgrnXU1Liz8=
github.com/davecgh/go-spew v1.1.0/go.mod h1:J7Y8YcW2NihsgmVo/mv3lAwl/skON4iLHjSsI+c5H38=
github.com/fapian/geojson2svg v1.0.0 h1:ctSBSFIH3ETeJBkDOb0jiTDuAK8ZtMYgRzHbMrAKh8w=
github.com/fapian/geojson2svg v1.0.0/go.mod h1:7Y/3sbKInvMyh7DENP/OiQNRJuSo5lKVctkNpVVBAlw=
github.com/go-ini/ini v1.42.0 h1:TWr1wGj35+UiWHlBA8er89seFXxzwFn11spilrrj+38=
github.com/go-ini/ini v1.42.0/go.mod h1:ByCAeIL28uOIIG0E3PJtZPDL8WnHpFKFOtgjp+3Ies8=
github.com/go-spatial/geom v0.0.0-20190319000000-c03a62f3a74a21c7fa19649e10f945b7c278069f h1:vOpoeVJDg3fbsdeQf14tYcLLmewZOd0BrMHntc6NxTI=
github.com/go-spatial/geom v0.0.0-20190319000000-c03a62f3a74a21c7fa19649e10f945b7c278069f/go.mod h1:ysDXHAm45k1iWrWWOFdbjksiQFWmWLeFgbeuv6n7XiY=
github.com/gogo/protobuf v1.2.1 h1:/s5zKNz0uPFCZ5hddgPdo2TK2TVrUNMn0OOX8/aZMTE=
github.com/gogo/protobuf v1.2.1/go.mod h1:hp+jE20tsWTFYpLwKvXlhS1hjn+gTNwPg2I6zVXpSg4=
github.com/gopherjs/gopherjs v0.0.0-20181017120253-0766667cb4d1/go.mod h1:wJfORRmW1u3UXTncJ5qlYoELFm8eSnnEO6hX4iZ3EWY=
github.com/jmespath/go-jmespath v0.0.0-20180206201540-c2b33e8439af h1:pmfjZENx5imkbgOkpRUYLnmbU7UEFbjtDA2hxJ1ichM=
github.com/jmespath/go-jmespath v0.0.0-20180206201540-c2b33e8439af/go.mod h1:Nht3zPeWKUH0NzdCt2Blrr5ys8VGpn0CEB0cQHVjt7k=
github.com/jtacoma/uritemplates v1.0.0 h1:xwx5sBF7pPAb0Uj8lDC1Q/aBPpOFyQza7OC705ZlLCo=
github.com/jtacoma/uritemplates v1.0.0/go.mod h1:IhIICdE9OcvgUnGwTtJxgBQ+VrTrti5PcbLVSJianO8=
github.com/jtolds/gls v4.20.0+incompatible/go.mod h1:QJZ7F/aHp+rZTRtaJ1ow/lLfFfVYBRgL+9YlvaHOwJU=
github.com/kisielk/errcheck v1.1.0/go.mod h1:EZBBE59ingxPouuu3KfxchcWSUPOHkagtvWXihfKN4Q=
github.com/kisielk/gotool v1.0.0/go.mod h1:XhKaO+MFFWcvkIS/tQcRk01m1F5IRFswLeQ+oQHNcck=
github.com/patrickmn/go-cache v2.1.0+incompatible h1:HRMgzkcYKYpi3C8ajMPV8OFXaaRUnok+kx1WdO15EQc=
github.com/patrickmn/go-cache v2.1.0+incompatible/go.mod h1:3Qf8kWWT7OJRJbdiICTKqZju1ZixQ/KpMGzzAfe6+WQ=
github.com/paulmach/go.geojson v1.4.0 h1:5x5moCkCtDo5x8af62P9IOAYGQcYHtxz2QJ3x1DoCgY=
github.com/paulmach/go.geojson v1.4.0/go.mod h1:YaKx1hKpWF+T2oj2lFJPsW/t1Q5e1jQI61eoQSTwpIs=
github.com/paulmach/orb v0.1.3 h1:Wa1nzU269Zv7V9paVEY1COWW8FCqv4PC/KJRbJSimpM=
github.com/paulmach/orb v0.1.3/go.mod h1:VFlX/8C+IQ1p6FTRRKzKoOPJnvEtA5G0Veuqwbu//Vk=
github.com/pkg/errors v0.8.1 h1:iURUrRGxPUNPdy5/HRSm+Yj6okJ6UtLINN0Q9M4+h3I=
github.com/pkg/errors v0.8.1/go.mod h1:bwawxfHBFNV+L2hUp1rHADufV3IMtnDRdf1r5NINEl0=
github.com/pmezard/go-difflib v1.0.0 h1:4DBwDE0NGyQoBHbLQYPwSUPoCMWR5BEzIk/f1lZbAQM=
github.com/pmezard/go-difflib v1.0.0/go.mod h1:iKH77koFhYxTK1pcRnkKkqfTogsbg7gZNVY4sRDYZ/4=
github.com/smartystreets/assertions v0.0.0-20180927180507-b2de0cb4f26d/go.mod h1:OnSkiWE9lh6wB0YB77sQom3nweQdgAjqCqsofrRNTgc=
github.com/smartystreets/goconvey v0.0.0-20190330032615-68dc04aab96a/go.mod h1:syvi0/a8iFYH4r/RixwvyeAJjdLS9QV7WQ/tjFTllLA=
github.com/srwiley/oksvg v0.0.0-20190413000000-c520f0a6c5ccb7ec7e11abc378c3372b90983860 h1:z8kM4kG+oIX7Zu8aP6o61VJWMyw/8V8gXzuzk9KBwb4=
github.com/srwiley/oksvg v0.0.0-20190413000000-c520f0a6c5ccb7ec7e11abc378c3372b90983860/go.mod h1:afMbS0qvv1m5tfENCwnOdZGOF8RGR/FsZ7bvBxQGZG4=
github.com/srwiley/rasterx v0.0.0-20181219215540-696f7edb7a7e h1:FFotfUvew9Eg02LYRl8YybAnm0HCwjjfY5JlOI1oB00=
github.com/srwiley/rasterx v0.0.0-20181219215540-696f7edb7a7e/go.mod h1:mvWM0+15UqyrFKqdRjY6LuAVJR0HOVhJlEgZ5JWtSWU=
github.com/stretchr/objx v0.1.0/go.mod h1:HFkY916IF+rwdDfMAkV7OtwuqBVzrE8GR6GFx+wExME=
github.com/stretchr/testify v1.3.0 h1:TivCn/peBQ7UY8ooIcPgZFpTNSz0Q2U6UrFlUfqbe0Q=
github.com/stretchr/testify v1.3.0/go.mod h1:M5WIy9Dh21IEIfnGCwXGc5bZfKNJtfHm1UVUgZn+9EI=
github.com/tidwall/gjson v1.2.1 h1:j0efZLrZUvNerEf6xqoi0NjWMK5YlLrR7Guo/dxY174=
github.com/tidwall/gjson v1.2.1/go.mod h1:c/nTNbUr0E0OrXEhq1pwa8iEgc2DOt4ZZqAt1HtCkPA=
github.com/tidwall/match v1.0.1 h1:PnKP62LPNxHKTwvHHZZzdOAOCtsJTjo6dZLCwpKm5xc=
github.com/tidwall/match v1.0.1/go.mod h1:LujAq0jyVjBy028G1WhWfIzbpQfMO8bBZ6Tyb0+pL9E=
github.com/tidwall/pretty v0.0.0-20190325153808-1166b9ac2b65 h1:rQ229MBgvW68s1/g6f1/63TgYwYxfF4E+bi/KC19P8g=
github.com/tidwall/pretty v0.0.0-20190325153808-1166b9ac2b65/go.mod h1:XNkn88O1ChpSDQmQeStsy+sBenx6DDtFZJxhVysOjyk=
github.com/tidwall/sjson v1.0.4 h1:UcdIRXff12Lpnu3OLtZvnc03g4vH2suXDXhBwBqmzYg=
github.com/tidwall/sjson v1.0.4/go.mod h1:bURseu1nuBkFpIES5cz6zBtjmYeOQmEESshn7VpF15Y=
github.com/whosonfirst/algnhsa v0.0.0-20190203000000-70f315bb89bd75b93a0ca381cf70a15b68209c32 h1:kBklTGulhYJJZvV5gFjWREyhhHo8wbvdRtIbMujd+Bw=
github.com/whosonfirst/algnhsa v0.0.0-20190203000000-70f315bb89bd75b93a0ca381cf70a15b68209c32/go.mod h1:rSpxyVD5tlAHQ8D4Oh2tiw65NDqSfftyKJN3IQs+AfU=
github.com/whosonfirst/geojson2svg v1.0.0 h1:sIV8nba/vaxKfVvST6f1n4J1VxwRvmOTXts2lhZtuZc=
github.com/whosonfirst/geojson2svg v1.0.0/go.mod h1:mTGjej04D95uPknTCX+8IHdozG5Qsz2tlGeWxQkxai0=
github.com/whosonfirst/go-bindata v0.0.0-20180807000000-86a4bac5e0f5afa37bb2577dc92223452735d178 h1:qsaV3qEbI+aG2Itr/tZpYtYBsSP6rk6ZK6hmvVegrJA=
github.com/whosonfirst/go-bindata v0.0.0-20180807000000-86a4bac5e0f5afa37bb2577dc92223452735d178/go.mod h1:A5q98YeBQy8ymR+Cxo/SqjHOCBdo7TEqQDnJmX/T3aU=
github.com/whosonfirst/go-bindata-assetfs v1.0.0 h1:ps2zMTEkpHw7H8QPBkyebPyJwmqHCnj6Zbf/8mcXEzw=
github.com/whosonfirst/go-bindata-assetfs v1.0.0/go.mod h1:LuisX+Ih5BbXs+dQw87tQ2DGxhraoPNUJot3SCxRq0g=
github.com/whosonfirst/go-bindata-html-template v0.0.0-20170123000000-839a6918b9ff535f95246ef0f43edfdb4ed186be h1:3khsAxz4EUT4IRHqo5qp2K0KWaRQyVHLXlTBGdj1isw=
github.com/whosonfirst/go-bindata-html-template v0.0.0-20170123000000-839a6918b9ff535f95246ef0f43edfdb4ed186be/go.mod h1:F4sIRdt9e6E0iYckIP2PCLi6C7yrWDdgYF8er8RFlCk=
github.com/whosonfirst/go-whosonfirst-aws v0.1.0 h1:q+esqP3703MwJpgW90Ft9yyO1gmLZ7ymG5OLSvCmges=
github.com/whosonfirst/go-whosonfirst-aws v0.1.0/go.mod h1:gyDrfJ24VQgpKqZeFxos7AWVMaelVBY0s0jRi05wz+Y=
github.com/whosonfirst/go-whosonfirst-cache v0.0.0-20180725164102-d7d1d64441e9 h1:F8PhMPnOz0r0ZBXGCUY9zegXs0QZieAgb1AzjZadS0M=
github.com/whosonfirst/go-whosonfirst-cache v0.0.0-20180725164102-d7d1d64441e9/go.mod h1:2ktDGHnEcGVEJgkBjwOe/Ur7m0Yw+MWcnSOyNiFd7hU=
github.com/whosonfirst/go-whosonfirst-cache-s3 v0.0.0-20180725000000-440d3bfdb2a964670c66a4f7a48d664805d43432 h1:2SDmImOvnDF/n2aeLAqjATeWGJ8kHe6OUFXA89KkMBU=
github.com/whosonfirst/go-whosonfirst-cache-s3 v0.0.0-20180725000000-440d3bfdb2a964670c66a4f7a48d664805d43432/go.mod h1:fQGSiP4v/HFVYG3DTIM0SGe+a8zzgbOEybMCZfva+c8=
github.com/whosonfirst/go-whosonfirst-cli v0.1.0 h1:Wwj9z0R/ryHmPmpVm5jCbXdG4agJzKMWXDtPVReN/KA=
github.com/whosonfirst/go-whosonfirst-cli v0.1.0/go.mod h1:Edy+amD+fMq1QS1yxB3u8maA8I93q/LG7JRNh+fsdfc=
github.com/whosonfirst/go-whosonfirst-log v0.1.0 h1:mWYI5hn16uyeLxBmPsLSvYV4rQKK/cxGVhM+bC2ZoGc=
github.com/whosonfirst/go-whosonfirst-log v0.1.0/go.mod h1:pmgBbxZSnjGVy2nsUJBBMcFagxwIKLlmRsW7ClkXmac=
github.com/whosonfirst/go-whosonfirst-mimetypes v0.1.0 h1:eRgznGdqGnyfenjL12bFPB++J01eVo3O0NFYJXk5pzc=
github.com/whosonfirst/go-whosonfirst-mimetypes v0.1.0/go.mod h1:1huBP9SSlmkSCc+0+0ENWTr+BtCx54riH6O1Gkxp8mo=
golang.org/x/crypto v0.0.0-20190308221718-c2843e01d9a2/go.mod h1:djNgcEr1/C05ACkg1iLfiJU5Ep61QUkGW8qpdssI0+w=
golang.org/x/image v0.0.0-20190516052701-61b8692d9a5c h1:VgWXv7ME0Tq2L5CBzVvhTMrfcKfvGs7ifTV9PBYTP3I=
golang.org/x/image v0.0.0-20190516052701-61b8692d9a5c/go.mod h1:kZ7UVZpmo3dzQBMxlp+ypCbDeSB+sBbTgSJuh5dn5js=
golang.org/x/net v0.0.0-20190311183353-d8887717615a h1:oWX7TPOiFAMXLq8o0ikBYfCJVlRHBcsciT5bXOrH628=
golang.org/x/net v0.0.0-20190311183353-d8887717615a/go.mod h1:t9HGtf8HONx5eT2rtn7q6eTqICYqUVnKs3thJo3Qplg=
golang.org/x/sys v0.0.0-20190215142949-d0b11bdaac8a/go.mod h1:STP8DvDyc/dI5b8T5hshtkjS+E42TnysNCUPdjciGhY=
golang.org/x/text v0.3.0 h1:g61tztE5qeGQ89tm6NTjjM9VPIm088od1l6aSorWRWg=
golang.org/x/text v0.3.0/go.mod h1:NqM8EUOU14njkJ3fqMW+pc6Ldnwhi/IjpwHt7yyuwOQ=
golang.org/x/tools v0.0.0-20180221164845-07fd8470d635/go.mod h1:n7NCudcB/nEzxVGmLbDWY5pfWTLqBcC2KZ6jyYvM4mQ=
golang.org/x/tools v0.0.0-20190328211700-ab21143f2384/go.mod h1:LCzVGOaR6xXOjkQ3onu1FJEFr0SW1gC7cKk1uF8kGRs=
gopkg.in/ini.v1 v1.42.0/go.mod h1:pNLf8WUiyNEtQjuu5G5vTm06TEv9tsIgeAvK8hOrP4k=
